<Solution>
  <Project Path="src/server/RoomCraft.Host/RoomCraft.Host.csproj" />
  <Project Path="src/server/RoomCraft.SharedKernel/RoomCraft.SharedKernel.csproj" />
  <Project Path="src/server/Modules/Projects/RoomCraft.Modules.Projects.csproj" />
  <Project Path="src/server/Modules/Assets/RoomCraft.Modules.Assets.csproj" />
</Solution>
